
Microsoft Visual Studio Solution File, Format Version 12.00
# Visual Studio 2013
VisualStudioVersion = 12.0.21005.1
MinimumVisualStudioVersion = 10.0.40219.1
Project("{FAE04EC0-301F-11D3-BF4B-00C04F79EFBC}") = "SampleExamples", "SampleExamples\SampleExamples.csproj", "{349A0FCB-F9C7-44B8-9471-9222B6B73F46}"
EndProject
Project("{FAE04EC0-301F-11D3-BF4B-00C04F79EFBC}") = "Fibonacci1", "Fibonacci1\Fibonacci1.csproj", "{06DD36B7-6296-4786-9F4B-B7BF37038D4E}"
EndProject
Project("{FAE04EC0-301F-11D3-BF4B-00C04F79EFBC}") = "Palindrome", "Palindrome\Palindrome.csproj", "{7B063812-4417-4DDB-A613-8D8CACC454B6}"
EndProject
Global
	GlobalSection(SolutionConfigurationPlatforms) = preSolution
		Debug|Any CPU = Debug|Any CPU
		Release|Any CPU = Release|Any CPU
	EndGlobalSection
	GlobalSection(ProjectConfigurationPlatforms) = postSolution
		{349A0FCB-F9C7-44B8-9471-9222B6B73F46}.Debug|Any CPU.ActiveCfg = Debug|Any CPU
		{349A0FCB-F9C7-44B8-9471-9222B6B73F46}.Debug|Any CPU.Build.0 = Debug|Any CPU
		{349A0FCB-F9C7-44B8-9471-9222B6B73F46}.Release|Any CPU.ActiveCfg = Release|Any CPU
		{349A0FCB-F9C7-44B8-9471-9222B6B73F46}.Release|Any CPU.Build.0 = Release|Any CPU
		{06DD36B7-6296-4786-9F4B-B7BF37038D4E}.Debug|Any CPU.ActiveCfg = Debug|Any CPU
		{06DD36B7-6296-4786-9F4B-B7BF37038D4E}.Debug|Any CPU.Build.0 = Debug|Any CPU
		{06DD36B7-6296-4786-9F4B-B7BF37038D4E}.Release|Any CPU.ActiveCfg = Release|Any CPU
		{06DD36B7-6296-4786-9F4B-B7BF37038D4E}.Release|Any CPU.Build.0 = Release|Any CPU
		{7B063812-4417-4DDB-A613-8D8CACC454B6}.Debug|Any CPU.ActiveCfg = Debug|Any CPU
		{7B063812-4417-4DDB-A613-8D8CACC454B6}.Debug|Any CPU.Build.0 = Debug|Any CPU
		{7B063812-4417-4DDB-A613-8D8CACC454B6}.Release|Any CPU.ActiveCfg = Release|Any CPU
		{7B063812-4417-4DDB-A613-8D8CACC454B6}.Release|Any CPU.Build.0 = Release|Any CPU
	EndGlobalSection
	GlobalSection(SolutionProperties) = preSolution
		HideSolutionNode = FALSE
	EndGlobalSection
EndGlobal
